
Microsoft Visual Studio Solution File, Format Version 12.00
# Visual Studio 15
VisualStudioVersion = 15.0.26730.16
MinimumVisualStudioVersion = 10.0.40219.1
Project("{FAE04EC0-301F-11D3-BF4B-00C04F79EFBC}") = "CalculatingSales", "CalculatingSales\CalculatingSales.csproj", "{47DEA535-A6A2-4094-BE4C-A7947D3CB478}"
EndProject
Global
	GlobalSection(SolutionConfigurationPlatforms) = preSolution
		Debug|Any CPU = Debug|Any CPU
		Release|Any CPU = Release|Any CPU
	EndGlobalSection
	GlobalSection(ProjectConfigurationPlatforms) = postSolution
		{47DEA535-A6A2-4094-BE4C-A7947D3CB478}.Debug|Any CPU.ActiveCfg = Debug|Any CPU
		{47DEA535-A6A2-4094-BE4C-A7947D3CB478}.Debug|Any CPU.Build.0 = Debug|Any CPU
		{47DEA535-A6A2-4094-BE4C-A7947D3CB478}.Release|Any CPU.ActiveCfg = Release|Any CPU
		{47DEA535-A6A2-4094-BE4C-A7947D3CB478}.Release|Any CPU.Build.0 = Release|Any CPU
	EndGlobalSection
	GlobalSection(SolutionProperties) = preSolution
		HideSolutionNode = FALSE
	EndGlobalSection
	GlobalSection(ExtensibilityGlobals) = postSolution
		SolutionGuid = {A2937A0E-CFE0-4A23-99A2-AA724816EE6F}
	EndGlobalSection
EndGlobal
